// !$*UTF8*$!
{
	archiveVersion = 1;
	classes = {
	};
	objectVersion = 46;
	objects = {

/* Begin PBXBuildFile section */
		8AB843EE1C368683009BC9FD /* AppDelegate.swift in Sources */ = {isa = PBXBuildFile; fileRef = 8AB843ED1C368683009BC9FD /* AppDelegate.swift */; };
		8AB843F01C368683009BC9FD /* ViewController.swift in Sources */ = {isa = PBXBuildFile; fileRef = 8AB843EF1C368683009BC9FD /* ViewController.swift */; };
		8AB843F31C368683009BC9FD /* Main.storyboard in Resources */ = {isa = PBXBuildFile; fileRef = 8AB843F11C368683009BC9FD /* Main.storyboard */; };
		8AB843F51C368683009BC9FD /* Assets.xcassets in Resources */ = {isa = PBXBuildFile; fileRef = 8AB843F41C368683009BC9FD /* Assets.xcassets */; };
		8AB843F81C368683009BC9FD /* LaunchScreen.storyboard in Resources */ = {isa = PBXBuildFile; fileRef = 8AB843F61C368683009BC9FD /* LaunchScreen.storyboard */; };
		8AB844031C368684009BC9FD /* Captcha_GenerateTests.swift in Sources */ = {isa = PBXBuildFile; fileRef = 8AB844021C368684009BC9FD /* Captcha_GenerateTests.swift */; };
		8AB8440E1C3691F4009BC9FD /* String.swift in Sources */ = {isa = PBXBuildFile; fileRef = 8AB8440D1C3691F4009BC9FD /* String.swift */; };
/* End PBXBuildFile section */

/* Begin PBXContainerItemProxy section */
		8AB843FF1C368684009BC9FD /* PBXContainerItemProxy */ = {
			isa = PBXContainerItemProxy;
			containerPortal = 8AB843E21C368683009BC9FD /* Project object */;
			proxyType = 1;
			remoteGlobalIDString = 8AB843E91C368683009BC9FD;
			remoteInfo = "Captcha Generate";
		};
/* End PBXContainerItemProxy section */

/* Begin PBXFileReference section */
		8AB843EA1C368683009BC9FD /* Captcha Generate.app */ = {isa = PBXFileReference; explicitFileType = wrapper.application; includeInIndex = 0; path = "Captcha Generate.app"; sourceTree = BUILT_PRODUCTS_DIR; };
		8AB843ED1C368683009BC9FD /* AppDelegate.swift */ = {isa = PBXFileReference; lastKnownFileType = sourcecode.swift; path = AppDelegate.swift; sourceTree = "<group>"; };
		8AB843EF1C368683009BC9FD /* ViewController.swift */ = {isa = PBXFileReference; lastKnownFileType = sourcecode.swift; path = ViewController.swift; sourceTree = "<group>"; };
		8AB843F21C368683009BC9FD /* Base */ = {isa = PBXFileReference; lastKnownFileType = file.storyboard; name = Base; path = Base.lproj/Main.storyboard; sourceTree = "<group>"; };
		8AB843F41C368683009BC9FD /* Assets.xcassets */ = {isa = PBXFileReference; lastKnownFileType = folder.assetcatalog; path = Assets.xcassets; sourceTree = "<group>"; };
		8AB843F71C368683009BC9FD /* Base */ = {isa = PBXFileReference; lastKnownFileType = file.storyboard; name = Base; path = Base.lproj/LaunchScreen.storyboard; sourceTree = "<group>"; };
		8AB843F91C368683009BC9FD /* Info.plist */ = {isa = PBXFileReference; lastKnownFileType = text.plist.xml; path = Info.plist; sourceTree = "<group>"; };
		8AB843FE1C368684009BC9FD /* Captcha GenerateTests.xctest */ = {isa = PBXFileReference; explicitFileType = wrapper.cfbundle; includeInIndex = 0; path = "Captcha GenerateTests.xctest"; sourceTree = BUILT_PRODUCTS_DIR; };
		8AB844021C368684009BC9FD /* Captcha_GenerateTests.swift */ = {isa = PBXFileReference; lastKnownFileType = sourcecode.swift; path = Captcha_GenerateTests.swift; sourceTree = "<group>"; };
		8AB844041C368684009BC9FD /* Info.plist */ = {isa = PBXFileReference; lastKnownFileType = text.plist.xml; path = Info.plist; sourceTree = "<group>"; };
		8AB8440D1C3691F4009BC9FD /* String.swift */ = {isa = PBXFileReference; fileEncoding = 4; lastKnownFileType = sourcecode.swift; path = String.swift; sourceTree = "<group>"; };
/* End PBXFileReference section */

/* Begin PBXFrameworksBuildPhase section */
		8AB843E71C368683009BC9FD /* Frameworks */ = {
			isa = PBXFrameworksBuildPhase;
			buildActionMask = 2147483647;
			files = (
			);
			runOnlyForDeploymentPostprocessing = 0;
		};
		8AB843FB1C368684009BC9FD /* Frameworks */ = {
			isa = PBXFrameworksBuildPhase;
			buildActionMask = 2147483647;
			files = (
			);
			runOnlyForDeploymentPostprocessing = 0;
		};
/* End PBXFrameworksBuildPhase section */

/* Begin PBXGroup section */
		8AB843E11C368683009BC9FD = {
			isa = PBXGroup;
			children = (
				8AB843EC1C368683009BC9FD /* Captcha Generate */,
				8AB844011C368684009BC9FD /* Captcha GenerateTests */,
				8AB843EB1C368683009BC9FD /* Products */,
			);
			sourceTree = "<group>";
		};
		8AB843EB1C368683009BC9FD /* Products */ = {
			isa = PBXGroup;
			children = (
				8AB843EA1C368683009BC9FD /* Captcha Generate.app */,
				8AB843FE1C368684009BC9FD /* Captcha GenerateTests.xctest */,
			);
			name = Products;
			sourceTree = "<group>";
		};
		8AB843EC1C368683009BC9FD /* Captcha Generate */ = {
			isa = PBXGroup;
			children = (
				8AB843ED1C368683009BC9FD /* AppDelegate.swift */,
				8AB843EF1C368683009BC9FD /* ViewController.swift */,
				8AB8440D1C3691F4009BC9FD /* String.swift */,
				8AB843F11C368683009BC9FD /* Main.storyboard */,
				8AB843F41C368683009BC9FD /* Assets.xcassets */,
				8AB843F61C368683009BC9FD /* LaunchScreen.storyboard */,
				8AB843F91C368683009BC9FD /* Info.plist */,
			);
			path = "Captcha Generate";
			sourceTree = "<group>";
		};
		8AB844011C368684009BC9FD /* Captcha GenerateTests */ = {
			isa = PBXGroup;
			children = (
				8AB844021C368684009BC9FD /* Captcha_GenerateTests.swift */,
				8AB844041C368684009BC9FD /* Info.plist */,
			);
			path = "Captcha GenerateTests";
			sourceTree = "<group>";
		};
/* End PBXGroup section */

/* Begin PBXNativeTarget section */
		8AB843E91C368683009BC9FD /* Captcha Generate */ = {
			isa = PBXNativeTarget;
			buildConfigurationList = 8AB844071C368684009BC9FD /* Build configuration list for PBXNativeTarget "Captcha Generate" */;
			buildPhases = (
				8AB843E61C368683009BC9FD /* Sources */,
				8AB843E71C368683009BC9FD /* Frameworks */,
				8AB843E81C368683009BC9FD /* Resources */,
			);
			buildRules = (
			);
			dependencies = (
			);
			name = "Captcha Generate";
			productName = "Captcha Generate";
			productReference = 8AB843EA1C368683009BC9FD /* Captcha Generate.app */;
			productType = "com.apple.product-type.application";
		};
		8AB843FD1C368684009BC9FD /* Captcha GenerateTests */ = {
			isa = PBXNativeTarget;
			buildConfigurationList = 8AB8440A1C368684009BC9FD /* Build configuration list for PBXNativeTarget "Captcha GenerateTests" */;
			buildPhases = (
				8AB843FA1C368684009BC9FD /* Sources */,
				8AB843FB1C368684009BC9FD /* Frameworks */,
				8AB843FC1C368684009BC9FD /* Resources */,
			);
			buildRules = (
			);
			dependencies = (
				8AB844001C368684009BC9FD /* PBXTargetDependency */,
			);
			name = "Captcha GenerateTests";
			productName = "Captcha GenerateTests";
			productReference = 8AB843FE1C368684009BC9FD /* Captcha GenerateTests.xctest */;
			productType = "com.apple.product-type.bundle.unit-test";
		};
/* End PBXNativeTarget section */

/* Begin PBXProject section */
		8AB843E21C368683009BC9FD /* Project object */ = {
			isa = PBXProject;
			attributes = {
				LastSwiftUpdateCheck = 0720;
				LastUpgradeCheck = 0720;
				ORGANIZATIONNAME = "ND NINJA";
				TargetAttributes = {
					8AB843E91C368683009BC9FD = {
						CreatedOnToolsVersion = 7.2;
					};
					8AB843FD1C368684009BC9FD = {
						CreatedOnToolsVersion = 7.2;
						TestTargetID = 8AB843E91C368683009BC9FD;
					};
				};
			};
			buildConfigurationList = 8AB843E51C368683009BC9FD /* Build configuration list for PBXProject "Captcha Generate" */;
			compatibilityVersion = "Xcode 3.2";
			developmentRegion = English;
			hasScannedForEncodings = 0;
			knownRegions = (
				en,
				Base,
			);
			mainGroup = 8AB843E11C368683009BC9FD;
			productRefGroup = 8AB843EB1C368683009BC9FD /* Products */;
			projectDirPath = "";
			projectRoot = "";
			targets = (
				8AB843E91C368683009BC9FD /* Captcha Generate */,
				8AB843FD1C368684009BC9FD /* Captcha GenerateTests */,
			);
		};
/* End PBXProject section */

/* Begin PBXResourcesBuildPhase section */
		8AB843E81C368683009BC9FD /* Resources */ = {
			isa = PBXResourcesBuildPhase;
			buildActionMask = 2147483647;
			files = (
				8AB843F81C368683009BC9FD /* LaunchScreen.storyboard in Resources */,
				8AB843F51C368683009BC9FD /* Assets.xcassets in Resources */,
				8AB843F31C368683009BC9FD /* Main.storyboard in Resources */,
			);
			runOnlyForDeploymentPostprocessing = 0;
		};
		8AB843FC1C368684009BC9FD /* Resources */ = {
			isa = PBXResourcesBuildPhase;
			buildActionMask = 2147483647;
			files = (
			);
			runOnlyForDeploymentPostprocessing = 0;
		};
/* End PBXResourcesBuildPhase section */

/* Begin PBXSourcesBuildPhase section */
		8AB843E61C368683009BC9FD /* Sources */ = {
			isa = PBXSourcesBuildPhase;
			buildActionMask = 2147483647;
			files = (
				8AB8440E1C3691F4009BC9FD /* String.swift in Sources */,
				8AB843F01C368683009BC9FD /* ViewController.swift in Sources */,
				8AB843EE1C368683009BC9FD /* AppDelegate.swift in Sources */,
			);
			runOnlyForDeploymentPostprocessing = 0;
		};
		8AB843FA1C368684009BC9FD /* Sources */ = {
			isa = PBXSourcesBuildPhase;
			buildActionMask = 2147483647;
			files = (
				8AB844031C368684009BC9FD /* Captcha_GenerateTests.swift in Sources */,
			);
			runOnlyForDeploymentPostprocessing = 0;
		};
/* End PBXSourcesBuildPhase section */

/* Begin PBXTargetDependency section */
		8AB844001C368684009BC9FD /* PBXTargetDependency */ = {
			isa = PBXTargetDependency;
			target = 8AB843E91C368683009BC9FD /* Captcha Generate */;
			targetProxy = 8AB843FF1C368684009BC9FD /* PBXContainerItemProxy */;
		};
/* End PBXTargetDependency section */

/* Begin PBXVariantGroup section */
		8AB843F11C368683009BC9FD /* Main.storyboard */ = {
			isa = PBXVariantGroup;
			children = (
				8AB843F21C368683009BC9FD /* Base */,
			);
			name = Main.storyboard;
			sourceTree = "<group>";
		};
		8AB843F61C368683009BC9FD /* LaunchScreen.storyboard */ = {
			isa = PBXVariantGroup;
			children = (
				8AB843F71C368683009BC9FD /* Base */,
			);
			name = LaunchScreen.storyboard;
			sourceTree = "<group>";
		};
/* End PBXVariantGroup section */

/* Begin XCBuildConfiguration section */
		8AB844051C368684009BC9FD /* Debug */ = {
			isa = XCBuildConfiguration;
			buildSettings = {
				ALWAYS_SEARCH_USER_PATHS = NO;
				CLANG_CXX_LANGUAGE_STANDARD = "gnu++0x";
				CLANG_CXX_LIBRARY = "libc++";
				CLANG_ENABLE_MODULES = YES;
				CLANG_ENABLE_OBJC_ARC = YES;
				CLANG_WARN_BOOL_CONVERSION = YES;
				CLANG_WARN_CONSTANT_CONVERSION = YES;
				CLANG_WARN_DIRECT_OBJC_ISA_USAGE = YES_ERROR;
				CLANG_WARN_EMPTY_BODY = YES;
				CLANG_WARN_ENUM_CONVERSION = YES;
				CLANG_WARN_INT_CONVERSION = YES;
				CLANG_WARN_OBJC_ROOT_CLASS = YES_ERROR;
				CLANG_WARN_UNREACHABLE_CODE = YES;
				CLANG_WARN__DUPLICATE_METHOD_MATCH = YES;
				"CODE_SIGN_IDENTITY[sdk=iphoneos*]" = "iPhone Developer";
				COPY_PHASE_STRIP = NO;
				DEBUG_INFORMATION_FORMAT = dwarf;
				ENABLE_STRICT_OBJC_MSGSEND = YES;
				ENABLE_TESTABILITY = YES;
				GCC_C_LANGUAGE_STANDARD = gnu99;
				GCC_DYNAMIC_NO_PIC = NO;
				GCC_NO_COMMON_BLOCKS = YES;
				GCC_OPTIMIZATION_LEVEL = 0;
				GCC_PREPROCESSOR_DEFINITIONS = (
					"DEBUG=1",
					"$(inherited)",
				);
				GCC_WARN_64_TO_32_BIT_CONVERSION = YES;
				GCC_WARN_ABOUT_RETURN_TYPE = YES_ERROR;
				GCC_WARN_UNDECLARED_SELECTOR = YES;
				GCC_WARN_UNINITIALIZED_AUTOS = YES_AGGRESSIVE;
				GCC_WARN_UNUSED_FUNCTION = YES;
				GCC_WARN_UNUSED_VARIABLE = YES;
				IPHONEOS_DEPLOYMENT_TARGET = 9.2;
				MTL_ENABLE_DEBUG_INFO = YES;
				ONLY_ACTIVE_ARCH = YES;
				SDKROOT = iphoneos;
				SWIFT_OPTIMIZATION_LEVEL = "-Onone";
			};
			name = Debug;
		};
		8AB844061C368684009BC9FD /* Release */ = {
			isa = XCBuildConfiguration;
			buildSettings = {
				ALWAYS_SEARCH_USER_PATHS = NO;
				CLANG_CXX_LANGUAGE_STANDARD = "gnu++0x";
				CLANG_CXX_LIBRARY = "libc++";
				CLANG_ENABLE_MODULES = YES;
				CLANG_ENABLE_OBJC_ARC = YES;
				CLANG_WARN_BOOL_CONVERSION = YES;
				CLANG_WARN_CONSTANT_CONVERSION = YES;
				CLANG_WARN_DIRECT_OBJC_ISA_USAGE = YES_ERROR;
				CLANG_WARN_EMPTY_BODY = YES;
				CLANG_WARN_ENUM_CONVERSION = YES;
				CLANG_WARN_INT_CONVERSION = YES;
				CLANG_WARN_OBJC_ROOT_CLASS = YES_ERROR;
				CLANG_WARN_UNREACHABLE_CODE = YES;
				CLANG_WARN__DUPLICATE_METHOD_MATCH = YES;
				"CODE_SIGN_IDENTITY[sdk=iphoneos*]" = "iPhone Developer";
				COPY_PHASE_STRIP = NO;
				DEBUG_INFORMATION_FORMAT = "dwarf-with-dsym";
				ENABLE_NS_ASSERTIONS = NO;
				ENABLE_STRICT_OBJC_MSGSEND = YES;
				GCC_C_LANGUAGE_STANDARD = gnu99;
				GCC_NO_COMMON_BLOCKS = YES;
				GCC_WARN_64_TO_32_BIT_CONVERSION = YES;
				GCC_WARN_ABOUT_RETURN_TYPE = YES_ERROR;
				GCC_WARN_UNDECLARED_SELECTOR = YES;
				GCC_WARN_UNINITIALIZED_AUTOS = YES_AGGRESSIVE;
				GCC_WARN_UNUSED_FUNCTION = YES;
				GCC_WARN_UNUSED_VARIABLE = YES;
				IPHONEOS_DEPLOYMENT_TARGET = 9.2;
				MTL_ENABLE_DEBUG_INFO = NO;
				SDKROOT = iphoneos;
				VALIDATE_PRODUCT = YES;
			};
			name = Release;
		};
		8AB844081C368684009BC9FD /* Debug */ = {
			isa = XCBuildConfiguration;
			buildSettings = {
				ASSETCATALOG_COMPILER_APPICON_NAME = AppIcon;
				INFOPLIST_FILE = "Captcha Generate/Info.plist";
				LD_RUNPATH_SEARCH_PATHS = "$(inherited) @executable_path/Frameworks";
				PRODUCT_BUNDLE_IDENTIFIER = "xyz.ndninja.Captcha-Generate";
				PRODUCT_NAME = "$(TARGET_NAME)";
			};
			name = Debug;
		};
		8AB844091C368684009BC9FD /* Release */ = {
			isa = XCBuildConfiguration;
			buildSettings = {
				ASSETCATALOG_COMPILER_APPICON_NAME = AppIcon;
				INFOPLIST_FILE = "Captcha Generate/Info.plist";
				LD_RUNPATH_SEARCH_PATHS = "$(inherited) @executable_path/Frameworks";
				PRODUCT_BUNDLE_IDENTIFIER = "xyz.ndninja.Captcha-Generate";
				PRODUCT_NAME = "$(TARGET_NAME)";
			};
			name = Release;
		};
		8AB8440B1C368684009BC9FD /* Debug */ = {
			isa = XCBuildConfiguration;
			buildSettings = {
				BUNDLE_LOADER = "$(TEST_HOST)";
				INFOPLIST_FILE = "Captcha GenerateTests/Info.plist";
				LD_RUNPATH_SEARCH_PATHS = "$(inherited) @executable_path/Frameworks @loader_path/Frameworks";
				PRODUCT_BUNDLE_IDENTIFIER = "xyz.ndninja.Captcha-GenerateTests";
				PRODUCT_NAME = "$(TARGET_NAME)";
				TEST_HOST = "$(BUILT_PRODUCTS_DIR)/Captcha Generate.app/Captcha Generate";
			};
			name = Debug;
		};
		8AB8440C1C368684009BC9FD /* Release */ = {
			isa = XCBuildConfiguration;
			buildSettings = {
				BUNDLE_LOADER = "$(TEST_HOST)";
				INFOPLIST_FILE = "Captcha GenerateTests/Info.plist";
				LD_RUNPATH_SEARCH_PATHS = "$(inherited) @executable_path/Frameworks @loader_path/Frameworks";
				PRODUCT_BUNDLE_IDENTIFIER = "xyz.ndninja.Captcha-GenerateTests";
				PRODUCT_NAME = "$(TARGET_NAME)";
				TEST_HOST = "$(BUILT_PRODUCTS_DIR)/Captcha Generate.app/Captcha Generate";
			};
			name = Release;
		};
/* End XCBuildConfiguration section */

/* Begin XCConfigurationList section */
		8AB843E51C368683009BC9FD /* Build configuration list for PBXProject "Captcha Generate" */ = {
			isa = XCConfigurationList;
			buildConfigurations = (
				8AB844051C368684009BC9FD /* Debug */,
				8AB844061C368684009BC9FD /* Release */,
			);
			defaultConfigurationIsVisible = 0;
			defaultConfigurationName = Release;
		};
		8AB844071C368684009BC9FD /* Build configuration list for PBXNativeTarget "Captcha Generate" */ = {
			isa = XCConfigurationList;
			buildConfigurations = (
				8AB844081C368684009BC9FD /* Debug */,
				8AB844091C368684009BC9FD /* Release */,
			);
			defaultConfigurationIsVisible = 0;
		};
		8AB8440A1C368684009BC9FD /* Build configuration list for PBXNativeTarget "Captcha GenerateTests" */ = {
			isa = XCConfigurationList;
			buildConfigurations = (
				8AB8440B1C368684009BC9FD /* Debug */,
				8AB8440C1C368684009BC9FD /* Release */,
			);
			defaultConfigurationIsVisible = 0;
		};
/* End XCConfigurationList section */
	};
	rootObject = 8AB843E21C368683009BC9FD /* Project object */;
}
